// !$*UTF8*$!
{
	archiveVersion = 1;
	classes = {
	};
	objectVersion = 46;
	objects = {

/* Begin PBXBuildFile section */
		902BB4371D1D022800C8553F /* main.m in Sources */ = {isa = PBXBuildFile; fileRef = 902BB4361D1D022800C8553F /* main.m */; };
		902BB43A1D1D022800C8553F /* AppDelegate.m in Sources */ = {isa = PBXBuildFile; fileRef = 902BB4391D1D022800C8553F /* AppDelegate.m */; };
		902BB43D1D1D022800C8553F /* ViewController.m in Sources */ = {isa = PBXBuildFile; fileRef = 902BB43C1D1D022800C8553F /* ViewController.m */; };
		902BB4401D1D022800C8553F /* Main.storyboard in Resources */ = {isa = PBXBuildFile; fileRef = 902BB43E1D1D022800C8553F /* Main.storyboard */; };
		902BB4421D1D022800C8553F /* Assets.xcassets in Resources */ = {isa = PBXBuildFile; fileRef = 902BB4411D1D022800C8553F /* Assets.xcassets */; };
		902BB4451D1D022800C8553F /* LaunchScreen.storyboard in Resources */ = {isa = PBXBuildFile; fileRef = 902BB4431D1D022800C8553F /* LaunchScreen.storyboard */; };
		902BB4501D1D022800C8553F /* XJTableViewTests.m in Sources */ = {isa = PBXBuildFile; fileRef = 902BB44F1D1D022800C8553F /* XJTableViewTests.m */; };
		902BB45B1D1D022800C8553F /* XJTableViewUITests.m in Sources */ = {isa = PBXBuildFile; fileRef = 902BB45A1D1D022800C8553F /* XJTableViewUITests.m */; };
		902BB4841D1D055400C8553F /* XJTableViewCellModel.m in Sources */ = {isa = PBXBuildFile; fileRef = 902BB4781D1D055400C8553F /* XJTableViewCellModel.m */; };
		902BB4851D1D055400C8553F /* XJTableViewDataModel.m in Sources */ = {isa = PBXBuildFile; fileRef = 902BB47A1D1D055400C8553F /* XJTableViewDataModel.m */; };
		902BB4861D1D055400C8553F /* XJTableViewHeaderModel.m in Sources */ = {isa = PBXBuildFile; fileRef = 902BB47C1D1D055400C8553F /* XJTableViewHeaderModel.m */; };
		902BB4871D1D055400C8553F /* XJTableViewCell.m in Sources */ = {isa = PBXBuildFile; fileRef = 902BB47F1D1D055400C8553F /* XJTableViewCell.m */; };
		902BB4881D1D055400C8553F /* XJTableViewHeader.m in Sources */ = {isa = PBXBuildFile; fileRef = 902BB4811D1D055400C8553F /* XJTableViewHeader.m */; };
		902BB4891D1D055400C8553F /* XJTableViewManager.m in Sources */ = {isa = PBXBuildFile; fileRef = 902BB4831D1D055400C8553F /* XJTableViewManager.m */; };
		902BB4971D1D088100C8553F /* WatchHistoryModel.m in Sources */ = {isa = PBXBuildFile; fileRef = 902BB48D1D1D088100C8553F /* WatchHistoryModel.m */; };
		902BB4981D1D088100C8553F /* WatchLaterModel.m in Sources */ = {isa = PBXBuildFile; fileRef = 902BB48F1D1D088100C8553F /* WatchLaterModel.m */; };
		902BB4991D1D088100C8553F /* WatchHistoryCell.m in Sources */ = {isa = PBXBuildFile; fileRef = 902BB4921D1D088100C8553F /* WatchHistoryCell.m */; };
		902BB49A1D1D088100C8553F /* WatchHistoryCell.xib in Resources */ = {isa = PBXBuildFile; fileRef = 902BB4931D1D088100C8553F /* WatchHistoryCell.xib */; };
		902BB49B1D1D088100C8553F /* WatchLaterCell.m in Sources */ = {isa = PBXBuildFile; fileRef = 902BB4951D1D088100C8553F /* WatchLaterCell.m */; };
		902BB49C1D1D088100C8553F /* WatchLaterCell.xib in Resources */ = {isa = PBXBuildFile; fileRef = 902BB4961D1D088100C8553F /* WatchLaterCell.xib */; };
		902BB4A31D1D24C000C8553F /* WatchHeader.m in Sources */ = {isa = PBXBuildFile; fileRef = 902BB4A21D1D24C000C8553F /* WatchHeader.m */; };
		902BB4A51D1D24D000C8553F /* WatchHeader.xib in Resources */ = {isa = PBXBuildFile; fileRef = 902BB4A41D1D24D000C8553F /* WatchHeader.xib */; };
/* End PBXBuildFile section */

/* Begin PBXContainerItemProxy section */
		902BB44C1D1D022800C8553F /* PBXContainerItemProxy */ = {
			isa = PBXContainerItemProxy;
			containerPortal = 902BB42A1D1D022800C8553F /* Project object */;
			proxyType = 1;
			remoteGlobalIDString = 902BB4311D1D022800C8553F;
			remoteInfo = XJTableView;
		};
		902BB4571D1D022800C8553F /* PBXContainerItemProxy */ = {
			isa = PBXContainerItemProxy;
			containerPortal = 902BB42A1D1D022800C8553F /* Project object */;
			proxyType = 1;
			remoteGlobalIDString = 902BB4311D1D022800C8553F;
			remoteInfo = XJTableView;
		};
/* End PBXContainerItemProxy section */

/* Begin PBXFileReference section */
		902BB4321D1D022800C8553F /* XJTableView.app */ = {isa = PBXFileReference; explicitFileType = wrapper.application; includeInIndex = 0; path = XJTableView.app; sourceTree = BUILT_PRODUCTS_DIR; };
		902BB4361D1D022800C8553F /* main.m */ = {isa = PBXFileReference; lastKnownFileType = sourcecode.c.objc; path = main.m; sourceTree = "<group>"; };
		902BB4381D1D022800C8553F /* AppDelegate.h */ = {isa = PBXFileReference; lastKnownFileType = sourcecode.c.h; path = AppDelegate.h; sourceTree = "<group>"; };
		902BB4391D1D022800C8553F /* AppDelegate.m */ = {isa = PBXFileReference; lastKnownFileType = sourcecode.c.objc; path = AppDelegate.m; sourceTree = "<group>"; };
		902BB43B1D1D022800C8553F /* ViewController.h */ = {isa = PBXFileReference; lastKnownFileType = sourcecode.c.h; path = ViewController.h; sourceTree = "<group>"; };
		902BB43C1D1D022800C8553F /* ViewController.m */ = {isa = PBXFileReference; lastKnownFileType = sourcecode.c.objc; path = ViewController.m; sourceTree = "<group>"; };
		902BB43F1D1D022800C8553F /* Base */ = {isa = PBXFileReference; lastKnownFileType = file.storyboard; name = Base; path = Base.lproj/Main.storyboard; sourceTree = "<group>"; };
		902BB4411D1D022800C8553F /* Assets.xcassets */ = {isa = PBXFileReference; lastKnownFileType = folder.assetcatalog; path = Assets.xcassets; sourceTree = "<group>"; };
		902BB4441D1D022800C8553F /* Base */ = {isa = PBXFileReference; lastKnownFileType = file.storyboard; name = Base; path = Base.lproj/LaunchScreen.storyboard; sourceTree = "<group>"; };
		902BB4461D1D022800C8553F /* Info.plist */ = {isa = PBXFileReference; lastKnownFileType = text.plist.xml; path = Info.plist; sourceTree = "<group>"; };
		902BB44B1D1D022800C8553F /* XJTableViewTests.xctest */ = {isa = PBXFileReference; explicitFileType = wrapper.cfbundle; includeInIndex = 0; path = XJTableViewTests.xctest; sourceTree = BUILT_PRODUCTS_DIR; };
		902BB44F1D1D022800C8553F /* XJTableViewTests.m */ = {isa = PBXFileReference; lastKnownFileType = sourcecode.c.objc; path = XJTableViewTests.m; sourceTree = "<group>"; };
		902BB4511D1D022800C8553F /* Info.plist */ = {isa = PBXFileReference; lastKnownFileType = text.plist.xml; path = Info.plist; sourceTree = "<group>"; };
		902BB4561D1D022800C8553F /* XJTableViewUITests.xctest */ = {isa = PBXFileReference; explicitFileType = wrapper.cfbundle; includeInIndex = 0; path = XJTableViewUITests.xctest; sourceTree = BUILT_PRODUCTS_DIR; };
		902BB45A1D1D022800C8553F /* XJTableViewUITests.m */ = {isa = PBXFileReference; lastKnownFileType = sourcecode.c.objc; path = XJTableViewUITests.m; sourceTree = "<group>"; };
		902BB45C1D1D022800C8553F /* Info.plist */ = {isa = PBXFileReference; lastKnownFileType = text.plist.xml; path = Info.plist; sourceTree = "<group>"; };
		902BB4771D1D055400C8553F /* XJTableViewCellModel.h */ = {isa = PBXFileReference; fileEncoding = 4; lastKnownFileType = sourcecode.c.h; path = XJTableViewCellModel.h; sourceTree = "<group>"; };
		902BB4781D1D055400C8553F /* XJTableViewCellModel.m */ = {isa = PBXFileReference; fileEncoding = 4; lastKnownFileType = sourcecode.c.objc; path = XJTableViewCellModel.m; sourceTree = "<group>"; };
		902BB4791D1D055400C8553F /* XJTableViewDataModel.h */ = {isa = PBXFileReference; fileEncoding = 4; lastKnownFileType = sourcecode.c.h; path = XJTableViewDataModel.h; sourceTree = "<group>"; };
		902BB47A1D1D055400C8553F /* XJTableViewDataModel.m */ = {isa = PBXFileReference; fileEncoding = 4; lastKnownFileType = sourcecode.c.objc; path = XJTableViewDataModel.m; sourceTree = "<group>"; };
		902BB47B1D1D055400C8553F /* XJTableViewHeaderModel.h */ = {isa = PBXFileReference; fileEncoding = 4; lastKnownFileType = sourcecode.c.h; path = XJTableViewHeaderModel.h; sourceTree = "<group>"; };
		902BB47C1D1D055400C8553F /* XJTableViewHeaderModel.m */ = {isa = PBXFileReference; fileEncoding = 4; lastKnownFileType = sourcecode.c.objc; path = XJTableViewHeaderModel.m; sourceTree = "<group>"; };
		902BB47E1D1D055400C8553F /* XJTableViewCell.h */ = {isa = PBXFileReference; fileEncoding = 4; lastKnownFileType = sourcecode.c.h; path = XJTableViewCell.h; sourceTree = "<group>"; };
		902BB47F1D1D055400C8553F /* XJTableViewCell.m */ = {isa = PBXFileReference; fileEncoding = 4; lastKnownFileType = sourcecode.c.objc; path = XJTableViewCell.m; sourceTree = "<group>"; };
		902BB4801D1D055400C8553F /* XJTableViewHeader.h */ = {isa = PBXFileReference; fileEncoding = 4; lastKnownFileType = sourcecode.c.h; path = XJTableViewHeader.h; sourceTree = "<group>"; };
		902BB4811D1D055400C8553F /* XJTableViewHeader.m */ = {isa = PBXFileReference; fileEncoding = 4; lastKnownFileType = sourcecode.c.objc; path = XJTableViewHeader.m; sourceTree = "<group>"; };
		902BB4821D1D055400C8553F /* XJTableViewManager.h */ = {isa = PBXFileReference; fileEncoding = 4; lastKnownFileType = sourcecode.c.h; path = XJTableViewManager.h; sourceTree = "<group>"; };
		902BB4831D1D055400C8553F /* XJTableViewManager.m */ = {isa = PBXFileReference; fileEncoding = 4; lastKnownFileType = sourcecode.c.objc; path = XJTableViewManager.m; sourceTree = "<group>"; };
		902BB48C1D1D088100C8553F /* WatchHistoryModel.h */ = {isa = PBXFileReference; fileEncoding = 4; lastKnownFileType = sourcecode.c.h; path = WatchHistoryModel.h; sourceTree = "<group>"; };
		902BB48D1D1D088100C8553F /* WatchHistoryModel.m */ = {isa = PBXFileReference; fileEncoding = 4; lastKnownFileType = sourcecode.c.objc; path = WatchHistoryModel.m; sourceTree = "<group>"; };
		902BB48E1D1D088100C8553F /* WatchLaterModel.h */ = {isa = PBXFileReference; fileEncoding = 4; lastKnownFileType = sourcecode.c.h; path = WatchLaterModel.h; sourceTree = "<group>"; };
		902BB48F1D1D088100C8553F /* WatchLaterModel.m */ = {isa = PBXFileReference; fileEncoding = 4; lastKnownFileType = sourcecode.c.objc; path = WatchLaterModel.m; sourceTree = "<group>"; };
		902BB4911D1D088100C8553F /* WatchHistoryCell.h */ = {isa = PBXFileReference; fileEncoding = 4; lastKnownFileType = sourcecode.c.h; path = WatchHistoryCell.h; sourceTree = "<group>"; };
		902BB4921D1D088100C8553F /* WatchHistoryCell.m */ = {isa = PBXFileReference; fileEncoding = 4; lastKnownFileType = sourcecode.c.objc; path = WatchHistoryCell.m; sourceTree = "<group>"; };
		902BB4931D1D088100C8553F /* WatchHistoryCell.xib */ = {isa = PBXFileReference; fileEncoding = 4; lastKnownFileType = file.xib; path = WatchHistoryCell.xib; sourceTree = "<group>"; };
		902BB4941D1D088100C8553F /* WatchLaterCell.h */ = {isa = PBXFileReference; fileEncoding = 4; lastKnownFileType = sourcecode.c.h; path = WatchLaterCell.h; sourceTree = "<group>"; };
		902BB4951D1D088100C8553F /* WatchLaterCell.m */ = {isa = PBXFileReference; fileEncoding = 4; lastKnownFileType = sourcecode.c.objc; path = WatchLaterCell.m; sourceTree = "<group>"; };
		902BB4961D1D088100C8553F /* WatchLaterCell.xib */ = {isa = PBXFileReference; fileEncoding = 4; lastKnownFileType = file.xib; path = WatchLaterCell.xib; sourceTree = "<group>"; };
		902BB4A11D1D24C000C8553F /* WatchHeader.h */ = {isa = PBXFileReference; fileEncoding = 4; lastKnownFileType = sourcecode.c.h; path = WatchHeader.h; sourceTree = "<group>"; };
		902BB4A21D1D24C000C8553F /* WatchHeader.m */ = {isa = PBXFileReference; fileEncoding = 4; lastKnownFileType = sourcecode.c.objc; path = WatchHeader.m; sourceTree = "<group>"; };
		902BB4A41D1D24D000C8553F /* WatchHeader.xib */ = {isa = PBXFileReference; fileEncoding = 4; lastKnownFileType = file.xib; path = WatchHeader.xib; sourceTree = "<group>"; };
/* End PBXFileReference section */

/* Begin PBXFrameworksBuildPhase section */
		902BB42F1D1D022800C8553F /* Frameworks */ = {
			isa = PBXFrameworksBuildPhase;
			buildActionMask = 2147483647;
			files = (
			);
			runOnlyForDeploymentPostprocessing = 0;
		};
		902BB4481D1D022800C8553F /* Frameworks */ = {
			isa = PBXFrameworksBuildPhase;
			buildActionMask = 2147483647;
			files = (
			);
			runOnlyForDeploymentPostprocessing = 0;
		};
		902BB4531D1D022800C8553F /* Frameworks */ = {
			isa = PBXFrameworksBuildPhase;
			buildActionMask = 2147483647;
			files = (
			);
			runOnlyForDeploymentPostprocessing = 0;
		};
/* End PBXFrameworksBuildPhase section */

/* Begin PBXGroup section */
		902BB4291D1D022800C8553F = {
			isa = PBXGroup;
			children = (
				902BB4341D1D022800C8553F /* XJTableView */,
				902BB44E1D1D022800C8553F /* XJTableViewTests */,
				902BB4591D1D022800C8553F /* XJTableViewUITests */,
				902BB4331D1D022800C8553F /* Products */,
			);
			sourceTree = "<group>";
		};
		902BB4331D1D022800C8553F /* Products */ = {
			isa = PBXGroup;
			children = (
				902BB4321D1D022800C8553F /* XJTableView.app */,
				902BB44B1D1D022800C8553F /* XJTableViewTests.xctest */,
				902BB4561D1D022800C8553F /* XJTableViewUITests.xctest */,
			);
			name = Products;
			sourceTree = "<group>";
		};
		902BB4341D1D022800C8553F /* XJTableView */ = {
			isa = PBXGroup;
			children = (
				902BB4381D1D022800C8553F /* AppDelegate.h */,
				902BB4391D1D022800C8553F /* AppDelegate.m */,
				902BB43B1D1D022800C8553F /* ViewController.h */,
				902BB43C1D1D022800C8553F /* ViewController.m */,
				902BB48A1D1D088100C8553F /* watch */,
				902BB4751D1D055400C8553F /* XJTableViewManager */,
				902BB43E1D1D022800C8553F /* Main.storyboard */,
				902BB4411D1D022800C8553F /* Assets.xcassets */,
				902BB4431D1D022800C8553F /* LaunchScreen.storyboard */,
				902BB4461D1D022800C8553F /* Info.plist */,
				902BB4351D1D022800C8553F /* Supporting Files */,
			);
			path = XJTableView;
			sourceTree = "<group>";
		};
		902BB4351D1D022800C8553F /* Supporting Files */ = {
			isa = PBXGroup;
			children = (
				902BB4361D1D022800C8553F /* main.m */,
			);
			name = "Supporting Files";
			sourceTree = "<group>";
		};
		902BB44E1D1D022800C8553F /* XJTableViewTests */ = {
			isa = PBXGroup;
			children = (
				902BB44F1D1D022800C8553F /* XJTableViewTests.m */,
				902BB4511D1D022800C8553F /* Info.plist */,
			);
			path = XJTableViewTests;
			sourceTree = "<group>";
		};
		902BB4591D1D022800C8553F /* XJTableViewUITests */ = {
			isa = PBXGroup;
			children = (
				902BB45A1D1D022800C8553F /* XJTableViewUITests.m */,
				902BB45C1D1D022800C8553F /* Info.plist */,
			);
			path = XJTableViewUITests;
			sourceTree = "<group>";
		};
		902BB4751D1D055400C8553F /* XJTableViewManager */ = {
			isa = PBXGroup;
			children = (
				902BB4761D1D055400C8553F /* Model */,
				902BB47D1D1D055400C8553F /* View */,
				902BB4821D1D055400C8553F /* XJTableViewManager.h */,
				902BB4831D1D055400C8553F /* XJTableViewManager.m */,
			);
			path = XJTableViewManager;
			sourceTree = "<group>";
		};
		902BB4761D1D055400C8553F /* Model */ = {
			isa = PBXGroup;
			children = (
				902BB4771D1D055400C8553F /* XJTableViewCellModel.h */,
				902BB4781D1D055400C8553F /* XJTableViewCellModel.m */,
				902BB4791D1D055400C8553F /* XJTableViewDataModel.h */,
				902BB47A1D1D055400C8553F /* XJTableViewDataModel.m */,
				902BB47B1D1D055400C8553F /* XJTableViewHeaderModel.h */,
				902BB47C1D1D055400C8553F /* XJTableViewHeaderModel.m */,
			);
			path = Model;
			sourceTree = "<group>";
		};
		902BB47D1D1D055400C8553F /* View */ = {
			isa = PBXGroup;
			children = (
				902BB47E1D1D055400C8553F /* XJTableViewCell.h */,
				902BB47F1D1D055400C8553F /* XJTableViewCell.m */,
				902BB4801D1D055400C8553F /* XJTableViewHeader.h */,
				902BB4811D1D055400C8553F /* XJTableViewHeader.m */,
			);
			path = View;
			sourceTree = "<group>";
		};
		902BB48A1D1D088100C8553F /* watch */ = {
			isa = PBXGroup;
			children = (
				902BB48B1D1D088100C8553F /* Model */,
				902BB4901D1D088100C8553F /* View */,
			);
			path = watch;
			sourceTree = "<group>";
		};
		902BB48B1D1D088100C8553F /* Model */ = {
			isa = PBXGroup;
			children = (
				902BB48C1D1D088100C8553F /* WatchHistoryModel.h */,
				902BB48D1D1D088100C8553F /* WatchHistoryModel.m */,
				902BB48E1D1D088100C8553F /* WatchLaterModel.h */,
				902BB48F1D1D088100C8553F /* WatchLaterModel.m */,
			);
			path = Model;
			sourceTree = "<group>";
		};
		902BB4901D1D088100C8553F /* View */ = {
			isa = PBXGroup;
			children = (
				902BB4911D1D088100C8553F /* WatchHistoryCell.h */,
				902BB4921D1D088100C8553F /* WatchHistoryCell.m */,
				902BB4931D1D088100C8553F /* WatchHistoryCell.xib */,
				902BB4941D1D088100C8553F /* WatchLaterCell.h */,
				902BB4951D1D088100C8553F /* WatchLaterCell.m */,
				902BB4961D1D088100C8553F /* WatchLaterCell.xib */,
				902BB4A11D1D24C000C8553F /* WatchHeader.h */,
				902BB4A21D1D24C000C8553F /* WatchHeader.m */,
				902BB4A41D1D24D000C8553F /* WatchHeader.xib */,
			);
			path = View;
			sourceTree = "<group>";
		};
/* End PBXGroup section */

/* Begin PBXNativeTarget section */
		902BB4311D1D022800C8553F /* XJTableView */ = {
			isa = PBXNativeTarget;
			buildConfigurationList = 902BB45F1D1D022800C8553F /* Build configuration list for PBXNativeTarget "XJTableView" */;
			buildPhases = (
				902BB42E1D1D022800C8553F /* Sources */,
				902BB42F1D1D022800C8553F /* Frameworks */,
				902BB4301D1D022800C8553F /* Resources */,
			);
			buildRules = (
			);
			dependencies = (
			);
			name = XJTableView;
			productName = XJTableView;
			productReference = 902BB4321D1D022800C8553F /* XJTableView.app */;
			productType = "com.apple.product-type.application";
		};
		902BB44A1D1D022800C8553F /* XJTableViewTests */ = {
			isa = PBXNativeTarget;
			buildConfigurationList = 902BB4621D1D022800C8553F /* Build configuration list for PBXNativeTarget "XJTableViewTests" */;
			buildPhases = (
				902BB4471D1D022800C8553F /* Sources */,
				902BB4481D1D022800C8553F /* Frameworks */,
				902BB4491D1D022800C8553F /* Resources */,
			);
			buildRules = (
			);
			dependencies = (
				902BB44D1D1D022800C8553F /* PBXTargetDependency */,
			);
			name = XJTableViewTests;
			productName = XJTableViewTests;
			productReference = 902BB44B1D1D022800C8553F /* XJTableViewTests.xctest */;
			productType = "com.apple.product-type.bundle.unit-test";
		};
		902BB4551D1D022800C8553F /* XJTableViewUITests */ = {
			isa = PBXNativeTarget;
			buildConfigurationList = 902BB4651D1D022800C8553F /* Build configuration list for PBXNativeTarget "XJTableViewUITests" */;
			buildPhases = (
				902BB4521D1D022800C8553F /* Sources */,
				902BB4531D1D022800C8553F /* Frameworks */,
				902BB4541D1D022800C8553F /* Resources */,
			);
			buildRules = (
			);
			dependencies = (
				902BB4581D1D022800C8553F /* PBXTargetDependency */,
			);
			name = XJTableViewUITests;
			productName = XJTableViewUITests;
			productReference = 902BB4561D1D022800C8553F /* XJTableViewUITests.xctest */;
			productType = "com.apple.product-type.bundle.ui-testing";
		};
/* End PBXNativeTarget section */

/* Begin PBXProject section */
		902BB42A1D1D022800C8553F /* Project object */ = {
			isa = PBXProject;
			attributes = {
				LastUpgradeCheck = 0730;
				ORGANIZATIONNAME = XJIMI;
				TargetAttributes = {
					902BB4311D1D022800C8553F = {
						CreatedOnToolsVersion = 7.3.1;
					};
					902BB44A1D1D022800C8553F = {
						CreatedOnToolsVersion = 7.3.1;
						TestTargetID = 902BB4311D1D022800C8553F;
					};
					902BB4551D1D022800C8553F = {
						CreatedOnToolsVersion = 7.3.1;
						TestTargetID = 902BB4311D1D022800C8553F;
					};
				};
			};
			buildConfigurationList = 902BB42D1D1D022800C8553F /* Build configuration list for PBXProject "XJTableView" */;
			compatibilityVersion = "Xcode 3.2";
			developmentRegion = English;
			hasScannedForEncodings = 0;
			knownRegions = (
				en,
				Base,
			);
			mainGroup = 902BB4291D1D022800C8553F;
			productRefGroup = 902BB4331D1D022800C8553F /* Products */;
			projectDirPath = "";
			projectRoot = "";
			targets = (
				902BB4311D1D022800C8553F /* XJTableView */,
				902BB44A1D1D022800C8553F /* XJTableViewTests */,
				902BB4551D1D022800C8553F /* XJTableViewUITests */,
			);
		};
/* End PBXProject section */

/* Begin PBXResourcesBuildPhase section */
		902BB4301D1D022800C8553F /* Resources */ = {
			isa = PBXResourcesBuildPhase;
			buildActionMask = 2147483647;
			files = (
				902BB4A51D1D24D000C8553F /* WatchHeader.xib in Resources */,
				902BB4451D1D022800C8553F /* LaunchScreen.storyboard in Resources */,
				902BB4421D1D022800C8553F /* Assets.xcassets in Resources */,
				902BB49C1D1D088100C8553F /* WatchLaterCell.xib in Resources */,
				902BB49A1D1D088100C8553F /* WatchHistoryCell.xib in Resources */,
				902BB4401D1D022800C8553F /* Main.storyboard in Resources */,
			);
			runOnlyForDeploymentPostprocessing = 0;
		};
		902BB4491D1D022800C8553F /* Resources */ = {
			isa = PBXResourcesBuildPhase;
			buildActionMask = 2147483647;
			files = (
			);
			runOnlyForDeploymentPostprocessing = 0;
		};
		902BB4541D1D022800C8553F /* Resources */ = {
			isa = PBXResourcesBuildPhase;
			buildActionMask = 2147483647;
			files = (
			);
			runOnlyForDeploymentPostprocessing = 0;
		};
/* End PBXResourcesBuildPhase section */

/* Begin PBXSourcesBuildPhase section */
		902BB42E1D1D022800C8553F /* Sources */ = {
			isa = PBXSourcesBuildPhase;
			buildActionMask = 2147483647;
			files = (
				902BB49B1D1D088100C8553F /* WatchLaterCell.m in Sources */,
				902BB4981D1D088100C8553F /* WatchLaterModel.m in Sources */,
				902BB4871D1D055400C8553F /* XJTableViewCell.m in Sources */,
				902BB43D1D1D022800C8553F /* ViewController.m in Sources */,
				902BB4851D1D055400C8553F /* XJTableViewDataModel.m in Sources */,
				902BB43A1D1D022800C8553F /* AppDelegate.m in Sources */,
				902BB4A31D1D24C000C8553F /* WatchHeader.m in Sources */,
				902BB4881D1D055400C8553F /* XJTableViewHeader.m in Sources */,
				902BB4991D1D088100C8553F /* WatchHistoryCell.m in Sources */,
				902BB4371D1D022800C8553F /* main.m in Sources */,
				902BB4891D1D055400C8553F /* XJTableViewManager.m in Sources */,
				902BB4861D1D055400C8553F /* XJTableViewHeaderModel.m in Sources */,
				902BB4971D1D088100C8553F /* WatchHistoryModel.m in Sources */,
				902BB4841D1D055400C8553F /* XJTableViewCellModel.m in Sources */,
			);
			runOnlyForDeploymentPostprocessing = 0;
		};
		902BB4471D1D022800C8553F /* Sources */ = {
			isa = PBXSourcesBuildPhase;
			buildActionMask = 2147483647;
			files = (
				902BB4501D1D022800C8553F /* XJTableViewTests.m in Sources */,
			);
			runOnlyForDeploymentPostprocessing = 0;
		};
		902BB4521D1D022800C8553F /* Sources */ = {
			isa = PBXSourcesBuildPhase;
			buildActionMask = 2147483647;
			files = (
				902BB45B1D1D022800C8553F /* XJTableViewUITests.m in Sources */,
			);
			runOnlyForDeploymentPostprocessing = 0;
		};
/* End PBXSourcesBuildPhase section */

/* Begin PBXTargetDependency section */
		902BB44D1D1D022800C8553F /* PBXTargetDependency */ = {
			isa = PBXTargetDependency;
			target = 902BB4311D1D022800C8553F /* XJTableView */;
			targetProxy = 902BB44C1D1D022800C8553F /* PBXContainerItemProxy */;
		};
		902BB4581D1D022800C8553F /* PBXTargetDependency */ = {
			isa = PBXTargetDependency;
			target = 902BB4311D1D022800C8553F /* XJTableView */;
			targetProxy = 902BB4571D1D022800C8553F /* PBXContainerItemProxy */;
		};
/* End PBXTargetDependency section */

/* Begin PBXVariantGroup section */
		902BB43E1D1D022800C8553F /* Main.storyboard */ = {
			isa = PBXVariantGroup;
			children = (
				902BB43F1D1D022800C8553F /* Base */,
			);
			name = Main.storyboard;
			sourceTree = "<group>";
		};
		902BB4431D1D022800C8553F /* LaunchScreen.storyboard */ = {
			isa = PBXVariantGroup;
			children = (
				902BB4441D1D022800C8553F /* Base */,
			);
			name = LaunchScreen.storyboard;
			sourceTree = "<group>";
		};
/* End PBXVariantGroup section */

/* Begin XCBuildConfiguration section */
		902BB45D1D1D022800C8553F /* Debug */ = {
			isa = XCBuildConfiguration;
			buildSettings = {
				ALWAYS_SEARCH_USER_PATHS = NO;
				CLANG_ANALYZER_NONNULL = YES;
				CLANG_CXX_LANGUAGE_STANDARD = "gnu++0x";
				CLANG_CXX_LIBRARY = "libc++";
				CLANG_ENABLE_MODULES = YES;
				CLANG_ENABLE_OBJC_ARC = YES;
				CLANG_WARN_BOOL_CONVERSION = YES;
				CLANG_WARN_CONSTANT_CONVERSION = YES;
				CLANG_WARN_DIRECT_OBJC_ISA_USAGE = YES_ERROR;
				CLANG_WARN_EMPTY_BODY = YES;
				CLANG_WARN_ENUM_CONVERSION = YES;
				CLANG_WARN_INT_CONVERSION = YES;
				CLANG_WARN_OBJC_ROOT_CLASS = YES_ERROR;
				CLANG_WARN_UNREACHABLE_CODE = YES;
				CLANG_WARN__DUPLICATE_METHOD_MATCH = YES;
				"CODE_SIGN_IDENTITY[sdk=iphoneos*]" = "iPhone Developer";
				COPY_PHASE_STRIP = NO;
				DEBUG_INFORMATION_FORMAT = dwarf;
				ENABLE_STRICT_OBJC_MSGSEND = YES;
				ENABLE_TESTABILITY = YES;
				GCC_C_LANGUAGE_STANDARD = gnu99;
				GCC_DYNAMIC_NO_PIC = NO;
				GCC_NO_COMMON_BLOCKS = YES;
				GCC_OPTIMIZATION_LEVEL = 0;
				GCC_PREPROCESSOR_DEFINITIONS = (
					"DEBUG=1",
					"$(inherited)",
				);
				GCC_WARN_64_TO_32_BIT_CONVERSION = YES;
				GCC_WARN_ABOUT_RETURN_TYPE = YES_ERROR;
				GCC_WARN_UNDECLARED_SELECTOR = YES;
				GCC_WARN_UNINITIALIZED_AUTOS = YES_AGGRESSIVE;
				GCC_WARN_UNUSED_FUNCTION = YES;
				GCC_WARN_UNUSED_VARIABLE = YES;
				IPHONEOS_DEPLOYMENT_TARGET = 9.3;
				MTL_ENABLE_DEBUG_INFO = YES;
				ONLY_ACTIVE_ARCH = YES;
				SDKROOT = iphoneos;
			};
			name = Debug;
		};
		902BB45E1D1D022800C8553F /* Release */ = {
			isa = XCBuildConfiguration;
			buildSettings = {
				ALWAYS_SEARCH_USER_PATHS = NO;
				CLANG_ANALYZER_NONNULL = YES;
				CLANG_CXX_LANGUAGE_STANDARD = "gnu++0x";
				CLANG_CXX_LIBRARY = "libc++";
				CLANG_ENABLE_MODULES = YES;
				CLANG_ENABLE_OBJC_ARC = YES;
				CLANG_WARN_BOOL_CONVERSION = YES;
				CLANG_WARN_CONSTANT_CONVERSION = YES;
				CLANG_WARN_DIRECT_OBJC_ISA_USAGE = YES_ERROR;
				CLANG_WARN_EMPTY_BODY = YES;
				CLANG_WARN_ENUM_CONVERSION = YES;
				CLANG_WARN_INT_CONVERSION = YES;
				CLANG_WARN_OBJC_ROOT_CLASS = YES_ERROR;
				CLANG_WARN_UNREACHABLE_CODE = YES;
				CLANG_WARN__DUPLICATE_METHOD_MATCH = YES;
				"CODE_SIGN_IDENTITY[sdk=iphoneos*]" = "iPhone Developer";
				COPY_PHASE_STRIP = NO;
				DEBUG_INFORMATION_FORMAT = "dwarf-with-dsym";
				ENABLE_NS_ASSERTIONS = NO;
				ENABLE_STRICT_OBJC_MSGSEND = YES;
				GCC_C_LANGUAGE_STANDARD = gnu99;
				GCC_NO_COMMON_BLOCKS = YES;
				GCC_WARN_64_TO_32_BIT_CONVERSION = YES;
				GCC_WARN_ABOUT_RETURN_TYPE = YES_ERROR;
				GCC_WARN_UNDECLARED_SELECTOR = YES;
				GCC_WARN_UNINITIALIZED_AUTOS = YES_AGGRESSIVE;
				GCC_WARN_UNUSED_FUNCTION = YES;
				GCC_WARN_UNUSED_VARIABLE = YES;
				IPHONEOS_DEPLOYMENT_TARGET = 9.3;
				MTL_ENABLE_DEBUG_INFO = NO;
				SDKROOT = iphoneos;
				VALIDATE_PRODUCT = YES;
			};
			name = Release;
		};
		902BB4601D1D022800C8553F /* Debug */ = {
			isa = XCBuildConfiguration;
			buildSettings = {
				ASSETCATALOG_COMPILER_APPICON_NAME = AppIcon;
				INFOPLIST_FILE = XJTableView/Info.plist;
				LD_RUNPATH_SEARCH_PATHS = "$(inherited) @executable_path/Frameworks";
				PRODUCT_BUNDLE_IDENTIFIER = com.sanlih.XJTableView;
				PRODUCT_NAME = "$(TARGET_NAME)";
			};
			name = Debug;
		};
		902BB4611D1D022800C8553F /* Release */ = {
			isa = XCBuildConfiguration;
			buildSettings = {
				ASSETCATALOG_COMPILER_APPICON_NAME = AppIcon;
				INFOPLIST_FILE = XJTableView/Info.plist;
				LD_RUNPATH_SEARCH_PATHS = "$(inherited) @executable_path/Frameworks";
				PRODUCT_BUNDLE_IDENTIFIER = com.sanlih.XJTableView;
				PRODUCT_NAME = "$(TARGET_NAME)";
			};
			name = Release;
		};
		902BB4631D1D022800C8553F /* Debug */ = {
			isa = XCBuildConfiguration;
			buildSettings = {
				BUNDLE_LOADER = "$(TEST_HOST)";
				INFOPLIST_FILE = XJTableViewTests/Info.plist;
				LD_RUNPATH_SEARCH_PATHS = "$(inherited) @executable_path/Frameworks @loader_path/Frameworks";
				PRODUCT_BUNDLE_IDENTIFIER = com.sanlih.XJTableViewTests;
				PRODUCT_NAME = "$(TARGET_NAME)";
				TEST_HOST = "$(BUILT_PRODUCTS_DIR)/XJTableView.app/XJTableView";
			};
			name = Debug;
		};
		902BB4641D1D022800C8553F /* Release */ = {
			isa = XCBuildConfiguration;
			buildSettings = {
				BUNDLE_LOADER = "$(TEST_HOST)";
				INFOPLIST_FILE = XJTableViewTests/Info.plist;
				LD_RUNPATH_SEARCH_PATHS = "$(inherited) @executable_path/Frameworks @loader_path/Frameworks";
				PRODUCT_BUNDLE_IDENTIFIER = com.sanlih.XJTableViewTests;
				PRODUCT_NAME = "$(TARGET_NAME)";
				TEST_HOST = "$(BUILT_PRODUCTS_DIR)/XJTableView.app/XJTableView";
			};
			name = Release;
		};
		902BB4661D1D022800C8553F /* Debug */ = {
			isa = XCBuildConfiguration;
			buildSettings = {
				INFOPLIST_FILE = XJTableViewUITests/Info.plist;
				LD_RUNPATH_SEARCH_PATHS = "$(inherited) @executable_path/Frameworks @loader_path/Frameworks";
				PRODUCT_BUNDLE_IDENTIFIER = com.sanlih.XJTableViewUITests;
				PRODUCT_NAME = "$(TARGET_NAME)";
				TEST_TARGET_NAME = XJTableView;
			};
			name = Debug;
		};
		902BB4671D1D022800C8553F /* Release */ = {
			isa = XCBuildConfiguration;
			buildSettings = {
				INFOPLIST_FILE = XJTableViewUITests/Info.plist;
				LD_RUNPATH_SEARCH_PATHS = "$(inherited) @executable_path/Frameworks @loader_path/Frameworks";
				PRODUCT_BUNDLE_IDENTIFIER = com.sanlih.XJTableViewUITests;
				PRODUCT_NAME = "$(TARGET_NAME)";
				TEST_TARGET_NAME = XJTableView;
			};
			name = Release;
		};
/* End XCBuildConfiguration section */

/* Begin XCConfigurationList section */
		902BB42D1D1D022800C8553F /* Build configuration list for PBXProject "XJTableView" */ = {
			isa = XCConfigurationList;
			buildConfigurations = (
				902BB45D1D1D022800C8553F /* Debug */,
				902BB45E1D1D022800C8553F /* Release */,
			);
			defaultConfigurationIsVisible = 0;
			defaultConfigurationName = Release;
		};
		902BB45F1D1D022800C8553F /* Build configuration list for PBXNativeTarget "XJTableView" */ = {
			isa = XCConfigurationList;
			buildConfigurations = (
				902BB4601D1D022800C8553F /* Debug */,
				902BB4611D1D022800C8553F /* Release */,
			);
			defaultConfigurationIsVisible = 0;
		};
		902BB4621D1D022800C8553F /* Build configuration list for PBXNativeTarget "XJTableViewTests" */ = {
			isa = XCConfigurationList;
			buildConfigurations = (
				902BB4631D1D022800C8553F /* Debug */,
				902BB4641D1D022800C8553F /* Release */,
			);
			defaultConfigurationIsVisible = 0;
		};
		902BB4651D1D022800C8553F /* Build configuration list for PBXNativeTarget "XJTableViewUITests" */ = {
			isa = XCConfigurationList;
			buildConfigurations = (
				902BB4661D1D022800C8553F /* Debug */,
				902BB4671D1D022800C8553F /* Release */,
			);
			defaultConfigurationIsVisible = 0;
		};
/* End XCConfigurationList section */
	};
	rootObject = 902BB42A1D1D022800C8553F /* Project object */;
}
